// !$*UTF8*$!
{
	archiveVersion = 1;
	classes = {
	};
	objectVersion = 51;
	objects = {

/* Begin PBXBuildFile section */
		6DB702D125D5674D6E64AF20 /* Pods_StatsCalculator.framework in Frameworks */ = {isa = PBXBuildFile; fileRef = 150F228A369F6175C16292AE /* Pods_StatsCalculator.framework */; };
		E23A444F25147B0B00E315C0 /* AppDelegate.swift in Sources */ = {isa = PBXBuildFile; fileRef = E23A444E25147B0B00E315C0 /* AppDelegate.swift */; };
		E23A445125147B0B00E315C0 /* SceneDelegate.swift in Sources */ = {isa = PBXBuildFile; fileRef = E23A445025147B0B00E315C0 /* SceneDelegate.swift */; };
		E23A445325147B0B00E315C0 /* ViewController.swift in Sources */ = {isa = PBXBuildFile; fileRef = E23A445225147B0B00E315C0 /* ViewController.swift */; };
		E23A445625147B0B00E315C0 /* Main.storyboard in Resources */ = {isa = PBXBuildFile; fileRef = E23A445425147B0B00E315C0 /* Main.storyboard */; };
		E23A445825147B1300E315C0 /* Assets.xcassets in Resources */ = {isa = PBXBuildFile; fileRef = E23A445725147B1300E315C0 /* Assets.xcassets */; };
		E23A445B25147B1300E315C0 /* LaunchScreen.storyboard in Resources */ = {isa = PBXBuildFile; fileRef = E23A445925147B1300E315C0 /* LaunchScreen.storyboard */; };
/* End PBXBuildFile section */

/* Begin PBXFileReference section */
		150F228A369F6175C16292AE /* Pods_StatsCalculator.framework */ = {isa = PBXFileReference; explicitFileType = wrapper.framework; includeInIndex = 0; path = Pods_StatsCalculator.framework; sourceTree = BUILT_PRODUCTS_DIR; };
		7F96D5E4B45F5AA33D4333C6 /* Pods-StatsCalculator.release.xcconfig */ = {isa = PBXFileReference; includeInIndex = 1; lastKnownFileType = text.xcconfig; name = "Pods-StatsCalculator.release.xcconfig"; path = "Target Support Files/Pods-StatsCalculator/Pods-StatsCalculator.release.xcconfig"; sourceTree = "<group>"; };
		A514A4F68CB982779D955AE9 /* Pods-StatsCalculator.debug.xcconfig */ = {isa = PBXFileReference; includeInIndex = 1; lastKnownFileType = text.xcconfig; name = "Pods-StatsCalculator.debug.xcconfig"; path = "Target Support Files/Pods-StatsCalculator/Pods-StatsCalculator.debug.xcconfig"; sourceTree = "<group>"; };
		E23A444B25147B0B00E315C0 /* StatsCalculator.app */ = {isa = PBXFileReference; explicitFileType = wrapper.application; includeInIndex = 0; path = StatsCalculator.app; sourceTree = BUILT_PRODUCTS_DIR; };
		E23A444E25147B0B00E315C0 /* AppDelegate.swift */ = {isa = PBXFileReference; lastKnownFileType = sourcecode.swift; path = AppDelegate.swift; sourceTree = "<group>"; };
		E23A445025147B0B00E315C0 /* SceneDelegate.swift */ = {isa = PBXFileReference; lastKnownFileType = sourcecode.swift; path = SceneDelegate.swift; sourceTree = "<group>"; };
		E23A445225147B0B00E315C0 /* ViewController.swift */ = {isa = PBXFileReference; lastKnownFileType = sourcecode.swift; path = ViewController.swift; sourceTree = "<group>"; };
		E23A445525147B0B00E315C0 /* Base */ = {isa = PBXFileReference; lastKnownFileType = file.storyboard; name = Base; path = Base.lproj/Main.storyboard; sourceTree = "<group>"; };
		E23A445725147B1300E315C0 /* Assets.xcassets */ = {isa = PBXFileReference; lastKnownFileType = folder.assetcatalog; path = Assets.xcassets; sourceTree = "<group>"; };
		E23A445A25147B1300E315C0 /* Base */ = {isa = PBXFileReference; lastKnownFileType = file.storyboard; name = Base; path = Base.lproj/LaunchScreen.storyboard; sourceTree = "<group>"; };
		E23A445C25147B1300E315C0 /* Info.plist */ = {isa = PBXFileReference; lastKnownFileType = text.plist.xml; path = Info.plist; sourceTree = "<group>"; };
/* End PBXFileReference section */

/* Begin PBXFrameworksBuildPhase section */
		E23A444825147B0B00E315C0 /* Frameworks */ = {
			isa = PBXFrameworksBuildPhase;
			buildActionMask = 2147483647;
			files = (
				6DB702D125D5674D6E64AF20 /* Pods_StatsCalculator.framework in Frameworks */,
			);
			runOnlyForDeploymentPostprocessing = 0;
		};
/* End PBXFrameworksBuildPhase section */

/* Begin PBXGroup section */
		075D22BF867E6E443B42E85E /* Frameworks */ = {
			isa = PBXGroup;
			children = (
				150F228A369F6175C16292AE /* Pods_StatsCalculator.framework */,
			);
			name = Frameworks;
			sourceTree = "<group>";
		};
		861DB21EDB271ED8EF180690 /* Pods */ = {
			isa = PBXGroup;
			children = (
				A514A4F68CB982779D955AE9 /* Pods-StatsCalculator.debug.xcconfig */,
				7F96D5E4B45F5AA33D4333C6 /* Pods-StatsCalculator.release.xcconfig */,
			);
			path = Pods;
			sourceTree = "<group>";
		};
		E23A444225147B0A00E315C0 = {
			isa = PBXGroup;
			children = (
				E23A444D25147B0B00E315C0 /* StatsCalculator */,
				E23A444C25147B0B00E315C0 /* Products */,
				861DB21EDB271ED8EF180690 /* Pods */,
				075D22BF867E6E443B42E85E /* Frameworks */,
			);
			sourceTree = "<group>";
		};
		E23A444C25147B0B00E315C0 /* Products */ = {
			isa = PBXGroup;
			children = (
				E23A444B25147B0B00E315C0 /* StatsCalculator.app */,
			);
			name = Products;
			sourceTree = "<group>";
		};
		E23A444D25147B0B00E315C0 /* StatsCalculator */ = {
			isa = PBXGroup;
			children = (
				E23A444E25147B0B00E315C0 /* AppDelegate.swift */,
				E23A44632518076900E315C0 /* Controller */,
				E23A44622518074200E315C0 /* View */,
				E23A445725147B1300E315C0 /* Assets.xcassets */,
				E23A445925147B1300E315C0 /* LaunchScreen.storyboard */,
				E23A445C25147B1300E315C0 /* Info.plist */,
			);
			path = StatsCalculator;
			sourceTree = "<group>";
		};
		E23A44622518074200E315C0 /* View */ = {
			isa = PBXGroup;
			children = (
				E23A445425147B0B00E315C0 /* Main.storyboard */,
			);
			path = View;
			sourceTree = "<group>";
		};
		E23A44632518076900E315C0 /* Controller */ = {
			isa = PBXGroup;
			children = (
				E23A445025147B0B00E315C0 /* SceneDelegate.swift */,
				E23A445225147B0B00E315C0 /* ViewController.swift */,
			);
			path = Controller;
			sourceTree = "<group>";
		};
/* End PBXGroup section */

/* Begin PBXNativeTarget section */
		E23A444A25147B0B00E315C0 /* StatsCalculator */ = {
			isa = PBXNativeTarget;
			buildConfigurationList = E23A445F25147B1300E315C0 /* Build configuration list for PBXNativeTarget "StatsCalculator" */;
			buildPhases = (
				E7FB66DAA0186D22A8A5574A /* [CP] Check Pods Manifest.lock */,
				E23A444725147B0B00E315C0 /* Sources */,
				E23A444825147B0B00E315C0 /* Frameworks */,
				E23A444925147B0B00E315C0 /* Resources */,
				8839167CF336594ADD53D420 /* [CP] Embed Pods Frameworks */,
			);
			buildRules = (
			);
			dependencies = (
			);
			name = StatsCalculator;
			productName = StatsCalculator;
			productReference = E23A444B25147B0B00E315C0 /* StatsCalculator.app */;
			productType = "com.apple.product-type.application";
		};
/* End PBXNativeTarget section */

/* Begin PBXProject section */
		E23A444325147B0A00E315C0 /* Project object */ = {
			isa = PBXProject;
			attributes = {
				LastSwiftUpdateCheck = 1160;
				LastUpgradeCheck = 1160;
				ORGANIZATIONNAME = "William Spell";
				TargetAttributes = {
					E23A444A25147B0B00E315C0 = {
						CreatedOnToolsVersion = 11.6;
					};
				};
			};
			buildConfigurationList = E23A444625147B0A00E315C0 /* Build configuration list for PBXProject "StatsCalculator" */;
			compatibilityVersion = "Xcode 9.3";
			developmentRegion = en;
			hasScannedForEncodings = 0;
			knownRegions = (
				en,
				Base,
			);
			mainGroup = E23A444225147B0A00E315C0;
			productRefGroup = E23A444C25147B0B00E315C0 /* Products */;
			projectDirPath = "";
			projectRoot = "";
			targets = (
				E23A444A25147B0B00E315C0 /* StatsCalculator */,
			);
		};
/* End PBXProject section */

/* Begin PBXResourcesBuildPhase section */
		E23A444925147B0B00E315C0 /* Resources */ = {
			isa = PBXResourcesBuildPhase;
			buildActionMask = 2147483647;
			files = (
				E23A445B25147B1300E315C0 /* LaunchScreen.storyboard in Resources */,
				E23A445825147B1300E315C0 /* Assets.xcassets in Resources */,
				E23A445625147B0B00E315C0 /* Main.storyboard in Resources */,
			);
			runOnlyForDeploymentPostprocessing = 0;
		};
/* End PBXResourcesBuildPhase section */

/* Begin PBXShellScriptBuildPhase section */
		8839167CF336594ADD53D420 /* [CP] Embed Pods Frameworks */ = {
			isa = PBXShellScriptBuildPhase;
			buildActionMask = 2147483647;
			files = (
			);
			inputFileListPaths = (
				"${PODS_ROOT}/Target Support Files/Pods-StatsCalculator/Pods-StatsCalculator-frameworks-${CONFIGURATION}-input-files.xcfilelist",
			);
			name = "[CP] Embed Pods Frameworks";
			outputFileListPaths = (
				"${PODS_ROOT}/Target Support Files/Pods-StatsCalculator/Pods-StatsCalculator-frameworks-${CONFIGURATION}-output-files.xcfilelist",
			);
			runOnlyForDeploymentPostprocessing = 0;
			shellPath = /bin/sh;
			shellScript = "\"${PODS_ROOT}/Target Support Files/Pods-StatsCalculator/Pods-StatsCalculator-frameworks.sh\"\n";
			showEnvVarsInLog = 0;
		};
		E7FB66DAA0186D22A8A5574A /* [CP] Check Pods Manifest.lock */ = {
			isa = PBXShellScriptBuildPhase;
			buildActionMask = 2147483647;
			files = (
			);
			inputFileListPaths = (
			);
			inputPaths = (
				"${PODS_PODFILE_DIR_PATH}/Podfile.lock",
				"${PODS_ROOT}/Manifest.lock",
			);
			name = "[CP] Check Pods Manifest.lock";
			outputFileListPaths = (
			);
			outputPaths = (
				"$(DERIVED_FILE_DIR)/Pods-StatsCalculator-checkManifestLockResult.txt",
			);
			runOnlyForDeploymentPostprocessing = 0;
			shellPath = /bin/sh;
			shellScript = "diff \"${PODS_PODFILE_DIR_PATH}/Podfile.lock\" \"${PODS_ROOT}/Manifest.lock\" > /dev/null\nif [ $? != 0 ] ; then\n    # print error to STDERR\n    echo \"error: The sandbox is not in sync with the Podfile.lock. Run 'pod install' or update your CocoaPods installation.\" >&2\n    exit 1\nfi\n# This output is used by Xcode 'outputs' to avoid re-running this script phase.\necho \"SUCCESS\" > \"${SCRIPT_OUTPUT_FILE_0}\"\n";
			showEnvVarsInLog = 0;
		};
/* End PBXShellScriptBuildPhase section */

/* Begin PBXSourcesBuildPhase section */
		E23A444725147B0B00E315C0 /* Sources */ = {
			isa = PBXSourcesBuildPhase;
			buildActionMask = 2147483647;
			files = (
				E23A445325147B0B00E315C0 /* ViewController.swift in Sources */,
				E23A444F25147B0B00E315C0 /* AppDelegate.swift in Sources */,
				E23A445125147B0B00E315C0 /* SceneDelegate.swift in Sources */,
			);
			runOnlyForDeploymentPostprocessing = 0;
		};
/* End PBXSourcesBuildPhase section */

/* Begin PBXVariantGroup section */
		E23A445425147B0B00E315C0 /* Main.storyboard */ = {
			isa = PBXVariantGroup;
			children = (
				E23A445525147B0B00E315C0 /* Base */,
			);
			name = Main.storyboard;
			sourceTree = "<group>";
		};
		E23A445925147B1300E315C0 /* LaunchScreen.storyboard */ = {
			isa = PBXVariantGroup;
			children = (
				E23A445A25147B1300E315C0 /* Base */,
			);
			name = LaunchScreen.storyboard;
			sourceTree = "<group>";
		};
/* End PBXVariantGroup section */

/* Begin XCBuildConfiguration section */
		E23A445D25147B1300E315C0 /* Debug */ = {
			isa = XCBuildConfiguration;
			buildSettings = {
				ALWAYS_SEARCH_USER_PATHS = NO;
				CLANG_ANALYZER_NONNULL = YES;
				CLANG_ANALYZER_NUMBER_OBJECT_CONVERSION = YES_AGGRESSIVE;
				CLANG_CXX_LANGUAGE_STANDARD = "gnu++14";
				CLANG_CXX_LIBRARY = "libc++";
				CLANG_ENABLE_MODULES = YES;
				CLANG_ENABLE_OBJC_ARC = YES;
				CLANG_ENABLE_OBJC_WEAK = YES;
				CLANG_WARN_BLOCK_CAPTURE_AUTORELEASING = YES;
				CLANG_WARN_BOOL_CONVERSION = YES;
				CLANG_WARN_COMMA = YES;
				CLANG_WARN_CONSTANT_CONVERSION = YES;
				CLANG_WARN_DEPRECATED_OBJC_IMPLEMENTATIONS = YES;
				CLANG_WARN_DIRECT_OBJC_ISA_USAGE = YES_ERROR;
				CLANG_WARN_DOCUMENTATION_COMMENTS = YES;
				CLANG_WARN_EMPTY_BODY = YES;
				CLANG_WARN_ENUM_CONVERSION = YES;
				CLANG_WARN_INFINITE_RECURSION = YES;
				CLANG_WARN_INT_CONVERSION = YES;
				CLANG_WARN_NON_LITERAL_NULL_CONVERSION = YES;
				CLANG_WARN_OBJC_IMPLICIT_RETAIN_SELF = YES;
				CLANG_WARN_OBJC_LITERAL_CONVERSION = YES;
				CLANG_WARN_OBJC_ROOT_CLASS = YES_ERROR;
				CLANG_WARN_RANGE_LOOP_ANALYSIS = YES;
				CLANG_WARN_STRICT_PROTOTYPES = YES;
				CLANG_WARN_SUSPICIOUS_MOVE = YES;
				CLANG_WARN_UNGUARDED_AVAILABILITY = YES_AGGRESSIVE;
				CLANG_WARN_UNREACHABLE_CODE = YES;
				CLANG_WARN__DUPLICATE_METHOD_MATCH = YES;
				COPY_PHASE_STRIP = NO;
				DEBUG_INFORMATION_FORMAT = dwarf;
				ENABLE_STRICT_OBJC_MSGSEND = YES;
				ENABLE_TESTABILITY = YES;
				GCC_C_LANGUAGE_STANDARD = gnu11;
				GCC_DYNAMIC_NO_PIC = NO;
				GCC_NO_COMMON_BLOCKS = YES;
				GCC_OPTIMIZATION_LEVEL = 0;
				GCC_PREPROCESSOR_DEFINITIONS = (
					"DEBUG=1",
					"$(inherited)",
				);
				GCC_WARN_64_TO_32_BIT_CONVERSION = YES;
				GCC_WARN_ABOUT_RETURN_TYPE = YES_ERROR;
				GCC_WARN_UNDECLARED_SELECTOR = YES;
				GCC_WARN_UNINITIALIZED_AUTOS = YES_AGGRESSIVE;
				GCC_WARN_UNUSED_FUNCTION = YES;
				GCC_WARN_UNUSED_VARIABLE = YES;
				IPHONEOS_DEPLOYMENT_TARGET = 13.6;
				MTL_ENABLE_DEBUG_INFO = INCLUDE_SOURCE;
				MTL_FAST_MATH = YES;
				ONLY_ACTIVE_ARCH = YES;
				SDKROOT = iphoneos;
				SWIFT_ACTIVE_COMPILATION_CONDITIONS = DEBUG;
				SWIFT_OPTIMIZATION_LEVEL = "-Onone";
			};
			name = Debug;
		};
		E23A445E25147B1300E315C0 /* Release */ = {
			isa = XCBuildConfiguration;
			buildSettings = {
				ALWAYS_SEARCH_USER_PATHS = NO;
				CLANG_ANALYZER_NONNULL = YES;
				CLANG_ANALYZER_NUMBER_OBJECT_CONVERSION = YES_AGGRESSIVE;
				CLANG_CXX_LANGUAGE_STANDARD = "gnu++14";
				CLANG_CXX_LIBRARY = "libc++";
				CLANG_ENABLE_MODULES = YES;
				CLANG_ENABLE_OBJC_ARC = YES;
				CLANG_ENABLE_OBJC_WEAK = YES;
				CLANG_WARN_BLOCK_CAPTURE_AUTORELEASING = YES;
				CLANG_WARN_BOOL_CONVERSION = YES;
				CLANG_WARN_COMMA = YES;
				CLANG_WARN_CONSTANT_CONVERSION = YES;
				CLANG_WARN_DEPRECATED_OBJC_IMPLEMENTATIONS = YES;
				CLANG_WARN_DIRECT_OBJC_ISA_USAGE = YES_ERROR;
				CLANG_WARN_DOCUMENTATION_COMMENTS = YES;
				CLANG_WARN_EMPTY_BODY = YES;
				CLANG_WARN_ENUM_CONVERSION = YES;
				CLANG_WARN_INFINITE_RECURSION = YES;
				CLANG_WARN_INT_CONVERSION = YES;
				CLANG_WARN_NON_LITERAL_NULL_CONVERSION = YES;
				CLANG_WARN_OBJC_IMPLICIT_RETAIN_SELF = YES;
				CLANG_WARN_OBJC_LITERAL_CONVERSION = YES;
				CLANG_WARN_OBJC_ROOT_CLASS = YES_ERROR;
				CLANG_WARN_RANGE_LOOP_ANALYSIS = YES;
				CLANG_WARN_STRICT_PROTOTYPES = YES;
				CLANG_WARN_SUSPICIOUS_MOVE = YES;
				CLANG_WARN_UNGUARDED_AVAILABILITY = YES_AGGRESSIVE;
				CLANG_WARN_UNREACHABLE_CODE = YES;
				CLANG_WARN__DUPLICATE_METHOD_MATCH = YES;
				COPY_PHASE_STRIP = NO;
				DEBUG_INFORMATION_FORMAT = "dwarf-with-dsym";
				ENABLE_NS_ASSERTIONS = NO;
				ENABLE_STRICT_OBJC_MSGSEND = YES;
				GCC_C_LANGUAGE_STANDARD = gnu11;
				GCC_NO_COMMON_BLOCKS = YES;
				GCC_WARN_64_TO_32_BIT_CONVERSION = YES;
				GCC_WARN_ABOUT_RETURN_TYPE = YES_ERROR;
				GCC_WARN_UNDECLARED_SELECTOR = YES;
				GCC_WARN_UNINITIALIZED_AUTOS = YES_AGGRESSIVE;
				GCC_WARN_UNUSED_FUNCTION = YES;
				GCC_WARN_UNUSED_VARIABLE = YES;
				IPHONEOS_DEPLOYMENT_TARGET = 13.6;
				MTL_ENABLE_DEBUG_INFO = NO;
				MTL_FAST_MATH = YES;
				SDKROOT = iphoneos;
				SWIFT_COMPILATION_MODE = wholemodule;
				SWIFT_OPTIMIZATION_LEVEL = "-O";
				VALIDATE_PRODUCT = YES;
			};
			name = Release;
		};
		E23A446025147B1300E315C0 /* Debug */ = {
			isa = XCBuildConfiguration;
			baseConfigurationReference = A514A4F68CB982779D955AE9 /* Pods-StatsCalculator.debug.xcconfig */;
			buildSettings = {
				ASSETCATALOG_COMPILER_APPICON_NAME = AppIcon;
				CODE_SIGN_STYLE = Automatic;
				INFOPLIST_FILE = StatsCalculator/Info.plist;
				LD_RUNPATH_SEARCH_PATHS = (
					"$(inherited)",
					"@executable_path/Frameworks",
				);
				PRODUCT_BUNDLE_IDENTIFIER = com.billspell.StatsCalculator;
				PRODUCT_NAME = "$(TARGET_NAME)";
				SWIFT_VERSION = 5.0;
				TARGETED_DEVICE_FAMILY = "1,2";
			};
			name = Debug;
		};
		E23A446125147B1300E315C0 /* Release */ = {
			isa = XCBuildConfiguration;
			baseConfigurationReference = 7F96D5E4B45F5AA33D4333C6 /* Pods-StatsCalculator.release.xcconfig */;
			buildSettings = {
				ASSETCATALOG_COMPILER_APPICON_NAME = AppIcon;
				CODE_SIGN_STYLE = Automatic;
				INFOPLIST_FILE = StatsCalculator/Info.plist;
				LD_RUNPATH_SEARCH_PATHS = (
					"$(inherited)",
					"@executable_path/Frameworks",
				);
				PRODUCT_BUNDLE_IDENTIFIER = com.billspell.StatsCalculator;
				PRODUCT_NAME = "$(TARGET_NAME)";
				SWIFT_VERSION = 5.0;
				TARGETED_DEVICE_FAMILY = "1,2";
			};
			name = Release;
		};
/* End XCBuildConfiguration section */

/* Begin XCConfigurationList section */
		E23A444625147B0A00E315C0 /* Build configuration list for PBXProject "StatsCalculator" */ = {
			isa = XCConfigurationList;
			buildConfigurations = (
				E23A445D25147B1300E315C0 /* Debug */,
				E23A445E25147B1300E315C0 /* Release */,
			);
			defaultConfigurationIsVisible = 0;
			defaultConfigurationName = Release;
		};
		E23A445F25147B1300E315C0 /* Build configuration list for PBXNativeTarget "StatsCalculator" */ = {
			isa = XCConfigurationList;
			buildConfigurations = (
				E23A446025147B1300E315C0 /* Debug */,
				E23A446125147B1300E315C0 /* Release */,
			);
			defaultConfigurationIsVisible = 0;
			defaultConfigurationName = Release;
		};
/* End XCConfigurationList section */
	};
	rootObject = E23A444325147B0A00E315C0 /* Project object */;
}
